// !$*UTF8*$!
{
	archiveVersion = 1;
	classes = {
	};
	objectVersion = 46;
	objects = {

/* Begin PBXBuildFile section */
		0C4412D01ED7CC0B0065B6AE /* ViewController.xib in Resources */ = {isa = PBXBuildFile; fileRef = 0C4412CF1ED7CC0B0065B6AE /* ViewController.xib */; };
		0C6E81B41EB9763F005F61C1 /* XHLaunchAdManager.m in Sources */ = {isa = PBXBuildFile; fileRef = 0C6E81B31EB9763F005F61C1 /* XHLaunchAdManager.m */; };
		0C6E81BC1EB986C3005F61C1 /* UIViewController+Nav.m in Sources */ = {isa = PBXBuildFile; fileRef = 0C6E81BB1EB986C3005F61C1 /* UIViewController+Nav.m */; };
		4B1BBA961DF44C1D00E7839E /* LaunchAdModel.m in Sources */ = {isa = PBXBuildFile; fileRef = 4B1BBA951DF44C1D00E7839E /* LaunchAdModel.m */; };
		4B27845F1DF545EA00417DB2 /* Network.m in Sources */ = {isa = PBXBuildFile; fileRef = 4B27845E1DF545EA00417DB2 /* Network.m */; };
		4B5C5C291D8118A700C18148 /* WebViewController.m in Sources */ = {isa = PBXBuildFile; fileRef = 4B5C5C271D8118A700C18148 /* WebViewController.m */; };
		4B63D27C1DF2DDAD00FA2520 /* image0.jpg in Resources */ = {isa = PBXBuildFile; fileRef = 4B63D26C1DF2DDAD00FA2520 /* image0.jpg */; };
		4B63D27D1DF2DDAD00FA2520 /* image1.jpg in Resources */ = {isa = PBXBuildFile; fileRef = 4B63D26D1DF2DDAD00FA2520 /* image1.jpg */; };
		4B63D27E1DF2DDAD00FA2520 /* image11.gif in Resources */ = {isa = PBXBuildFile; fileRef = 4B63D26E1DF2DDAD00FA2520 /* image11.gif */; };
		4B63D27F1DF2DDAD00FA2520 /* image12.gif in Resources */ = {isa = PBXBuildFile; fileRef = 4B63D26F1DF2DDAD00FA2520 /* image12.gif */; };
		4B63D2801DF2DDAD00FA2520 /* image2.jpg in Resources */ = {isa = PBXBuildFile; fileRef = 4B63D2701DF2DDAD00FA2520 /* image2.jpg */; };
		4B63D2811DF2DDAD00FA2520 /* image3.jpg in Resources */ = {isa = PBXBuildFile; fileRef = 4B63D2711DF2DDAD00FA2520 /* image3.jpg */; };
		4B63D2821DF2DDAD00FA2520 /* image4.jpg in Resources */ = {isa = PBXBuildFile; fileRef = 4B63D2721DF2DDAD00FA2520 /* image4.jpg */; };
		4B63D2841DF2DDAD00FA2520 /* LaunchImageAd.json in Resources */ = {isa = PBXBuildFile; fileRef = 4B63D2751DF2DDAD00FA2520 /* LaunchImageAd.json */; };
		4B63D2851DF2DDAD00FA2520 /* LaunchVideoAd.json in Resources */ = {isa = PBXBuildFile; fileRef = 4B63D2761DF2DDAD00FA2520 /* LaunchVideoAd.json */; };
		4B63D2871DF2DDAD00FA2520 /* video0.mp4 in Resources */ = {isa = PBXBuildFile; fileRef = 4B63D2791DF2DDAD00FA2520 /* video0.mp4 */; };
		4B63D2881DF2DDAD00FA2520 /* video1.mp4 in Resources */ = {isa = PBXBuildFile; fileRef = 4B63D27A1DF2DDAD00FA2520 /* video1.mp4 */; };
		4B6CF2261D0E902800F76B47 /* main.m in Sources */ = {isa = PBXBuildFile; fileRef = 4B6CF2251D0E902800F76B47 /* main.m */; };
		4B6CF2291D0E902800F76B47 /* AppDelegate.m in Sources */ = {isa = PBXBuildFile; fileRef = 4B6CF2281D0E902800F76B47 /* AppDelegate.m */; };
		4B6CF22B1D0E902800F76B47 /* Assets.xcassets in Resources */ = {isa = PBXBuildFile; fileRef = 4B6CF22A1D0E902800F76B47 /* Assets.xcassets */; };
		4B6CF23E1D0E904900F76B47 /* ViewController.m in Sources */ = {isa = PBXBuildFile; fileRef = 4B6CF2371D0E904900F76B47 /* ViewController.m */; };
		4BF7C69A1D6EE13000F1E5BE /* LaunchScreen.storyboard in Resources */ = {isa = PBXBuildFile; fileRef = 4BF7C6981D6EE13000F1E5BE /* LaunchScreen.storyboard */; };
		609041751FB53C1500E4EBA6 /* FLAnimatedImage.m in Sources */ = {isa = PBXBuildFile; fileRef = 6090415B1FB53C1500E4EBA6 /* FLAnimatedImage.m */; };
		609041761FB53C1500E4EBA6 /* FLAnimatedImageView.m in Sources */ = {isa = PBXBuildFile; fileRef = 6090415D1FB53C1500E4EBA6 /* FLAnimatedImageView.m */; };
		609041771FB53C1500E4EBA6 /* XHLaunchAd.m in Sources */ = {isa = PBXBuildFile; fileRef = 609041601FB53C1500E4EBA6 /* XHLaunchAd.m */; };
		609041781FB53C1500E4EBA6 /* XHLaunchAdButton.m in Sources */ = {isa = PBXBuildFile; fileRef = 609041621FB53C1500E4EBA6 /* XHLaunchAdButton.m */; };
		609041791FB53C1500E4EBA6 /* XHLaunchAdCache.m in Sources */ = {isa = PBXBuildFile; fileRef = 609041641FB53C1500E4EBA6 /* XHLaunchAdCache.m */; };
		6090417A1FB53C1500E4EBA6 /* XHLaunchAdConfiguration.m in Sources */ = {isa = PBXBuildFile; fileRef = 609041661FB53C1500E4EBA6 /* XHLaunchAdConfiguration.m */; };
		6090417B1FB53C1500E4EBA6 /* XHLaunchAdConst.m in Sources */ = {isa = PBXBuildFile; fileRef = 609041681FB53C1500E4EBA6 /* XHLaunchAdConst.m */; };
		6090417C1FB53C1500E4EBA6 /* XHLaunchAdController.m in Sources */ = {isa = PBXBuildFile; fileRef = 6090416A1FB53C1500E4EBA6 /* XHLaunchAdController.m */; };
		6090417D1FB53C1500E4EBA6 /* XHLaunchAdDownloader.m in Sources */ = {isa = PBXBuildFile; fileRef = 6090416C1FB53C1500E4EBA6 /* XHLaunchAdDownloader.m */; };
		6090417E1FB53C1500E4EBA6 /* XHLaunchAdImageManager.m in Sources */ = {isa = PBXBuildFile; fileRef = 6090416E1FB53C1500E4EBA6 /* XHLaunchAdImageManager.m */; };
		6090417F1FB53C1500E4EBA6 /* XHLaunchAdImageView+XHLaunchAdCache.m in Sources */ = {isa = PBXBuildFile; fileRef = 609041701FB53C1500E4EBA6 /* XHLaunchAdImageView+XHLaunchAdCache.m */; };
		609041801FB53C1500E4EBA6 /* XHLaunchAdView.m in Sources */ = {isa = PBXBuildFile; fileRef = 609041721FB53C1500E4EBA6 /* XHLaunchAdView.m */; };
		609041811FB53C1500E4EBA6 /* XHLaunchImageView.m in Sources */ = {isa = PBXBuildFile; fileRef = 609041741FB53C1500E4EBA6 /* XHLaunchImageView.m */; };
/* End PBXBuildFile section */

/* Begin PBXFileReference section */
		0C4412CF1ED7CC0B0065B6AE /* ViewController.xib */ = {isa = PBXFileReference; fileEncoding = 4; lastKnownFileType = file.xib; path = ViewController.xib; sourceTree = "<group>"; };
		0C6E81B21EB9763F005F61C1 /* XHLaunchAdManager.h */ = {isa = PBXFileReference; fileEncoding = 4; lastKnownFileType = sourcecode.c.h; path = XHLaunchAdManager.h; sourceTree = "<group>"; };
		0C6E81B31EB9763F005F61C1 /* XHLaunchAdManager.m */ = {isa = PBXFileReference; fileEncoding = 4; lastKnownFileType = sourcecode.c.objc; path = XHLaunchAdManager.m; sourceTree = "<group>"; };
		0C6E81BA1EB986C3005F61C1 /* UIViewController+Nav.h */ = {isa = PBXFileReference; fileEncoding = 4; lastKnownFileType = sourcecode.c.h; path = "UIViewController+Nav.h"; sourceTree = "<group>"; };
		0C6E81BB1EB986C3005F61C1 /* UIViewController+Nav.m */ = {isa = PBXFileReference; fileEncoding = 4; lastKnownFileType = sourcecode.c.objc; path = "UIViewController+Nav.m"; sourceTree = "<group>"; };
		4B1BBA941DF44C1D00E7839E /* LaunchAdModel.h */ = {isa = PBXFileReference; fileEncoding = 4; lastKnownFileType = sourcecode.c.h; path = LaunchAdModel.h; sourceTree = "<group>"; };
		4B1BBA951DF44C1D00E7839E /* LaunchAdModel.m */ = {isa = PBXFileReference; fileEncoding = 4; lastKnownFileType = sourcecode.c.objc; path = LaunchAdModel.m; sourceTree = "<group>"; };
		4B27845D1DF545EA00417DB2 /* Network.h */ = {isa = PBXFileReference; fileEncoding = 4; lastKnownFileType = sourcecode.c.h; path = Network.h; sourceTree = "<group>"; };
		4B27845E1DF545EA00417DB2 /* Network.m */ = {isa = PBXFileReference; fileEncoding = 4; lastKnownFileType = sourcecode.c.objc; path = Network.m; sourceTree = "<group>"; };
		4B5C5C261D8118A700C18148 /* WebViewController.h */ = {isa = PBXFileReference; fileEncoding = 4; lastKnownFileType = sourcecode.c.h; path = WebViewController.h; sourceTree = "<group>"; };
		4B5C5C271D8118A700C18148 /* WebViewController.m */ = {isa = PBXFileReference; fileEncoding = 4; lastKnownFileType = sourcecode.c.objc; path = WebViewController.m; sourceTree = "<group>"; };
		4B63D26C1DF2DDAD00FA2520 /* image0.jpg */ = {isa = PBXFileReference; lastKnownFileType = image.jpeg; path = image0.jpg; sourceTree = "<group>"; };
		4B63D26D1DF2DDAD00FA2520 /* image1.jpg */ = {isa = PBXFileReference; lastKnownFileType = image.jpeg; path = image1.jpg; sourceTree = "<group>"; };
		4B63D26E1DF2DDAD00FA2520 /* image11.gif */ = {isa = PBXFileReference; lastKnownFileType = image.gif; path = image11.gif; sourceTree = "<group>"; };
		4B63D26F1DF2DDAD00FA2520 /* image12.gif */ = {isa = PBXFileReference; lastKnownFileType = image.gif; path = image12.gif; sourceTree = "<group>"; };
		4B63D2701DF2DDAD00FA2520 /* image2.jpg */ = {isa = PBXFileReference; lastKnownFileType = image.jpeg; path = image2.jpg; sourceTree = "<group>"; };
		4B63D2711DF2DDAD00FA2520 /* image3.jpg */ = {isa = PBXFileReference; lastKnownFileType = image.jpeg; path = image3.jpg; sourceTree = "<group>"; };
		4B63D2721DF2DDAD00FA2520 /* image4.jpg */ = {isa = PBXFileReference; lastKnownFileType = image.jpeg; path = image4.jpg; sourceTree = "<group>"; };
		4B63D2751DF2DDAD00FA2520 /* LaunchImageAd.json */ = {isa = PBXFileReference; fileEncoding = 4; lastKnownFileType = text.json; path = LaunchImageAd.json; sourceTree = "<group>"; };
		4B63D2761DF2DDAD00FA2520 /* LaunchVideoAd.json */ = {isa = PBXFileReference; fileEncoding = 4; lastKnownFileType = text.json; path = LaunchVideoAd.json; sourceTree = "<group>"; };
		4B63D2791DF2DDAD00FA2520 /* video0.mp4 */ = {isa = PBXFileReference; lastKnownFileType = file; path = video0.mp4; sourceTree = "<group>"; };
		4B63D27A1DF2DDAD00FA2520 /* video1.mp4 */ = {isa = PBXFileReference; lastKnownFileType = file; path = video1.mp4; sourceTree = "<group>"; };
		4B6CF2211D0E902800F76B47 /* XHLaunchAdExample.app */ = {isa = PBXFileReference; explicitFileType = wrapper.application; includeInIndex = 0; path = XHLaunchAdExample.app; sourceTree = BUILT_PRODUCTS_DIR; };
		4B6CF2251D0E902800F76B47 /* main.m */ = {isa = PBXFileReference; lastKnownFileType = sourcecode.c.objc; path = main.m; sourceTree = "<group>"; };
		4B6CF2271D0E902800F76B47 /* AppDelegate.h */ = {isa = PBXFileReference; lastKnownFileType = sourcecode.c.h; path = AppDelegate.h; sourceTree = "<group>"; };
		4B6CF2281D0E902800F76B47 /* AppDelegate.m */ = {isa = PBXFileReference; lastKnownFileType = sourcecode.c.objc; path = AppDelegate.m; sourceTree = "<group>"; };
		4B6CF22A1D0E902800F76B47 /* Assets.xcassets */ = {isa = PBXFileReference; lastKnownFileType = folder.assetcatalog; path = Assets.xcassets; sourceTree = "<group>"; };
		4B6CF22F1D0E902800F76B47 /* Info.plist */ = {isa = PBXFileReference; lastKnownFileType = text.plist.xml; path = Info.plist; sourceTree = "<group>"; };
		4B6CF2361D0E904900F76B47 /* ViewController.h */ = {isa = PBXFileReference; fileEncoding = 4; lastKnownFileType = sourcecode.c.h; path = ViewController.h; sourceTree = "<group>"; };
		4B6CF2371D0E904900F76B47 /* ViewController.m */ = {isa = PBXFileReference; fileEncoding = 4; lastKnownFileType = sourcecode.c.objc; path = ViewController.m; sourceTree = "<group>"; };
		4BF7C6991D6EE13000F1E5BE /* Base */ = {isa = PBXFileReference; lastKnownFileType = file.storyboard; name = Base; path = Base.lproj/LaunchScreen.storyboard; sourceTree = "<group>"; };
		6090415A1FB53C1500E4EBA6 /* FLAnimatedImage.h */ = {isa = PBXFileReference; fileEncoding = 4; lastKnownFileType = sourcecode.c.h; path = FLAnimatedImage.h; sourceTree = "<group>"; };
		6090415B1FB53C1500E4EBA6 /* FLAnimatedImage.m */ = {isa = PBXFileReference; fileEncoding = 4; lastKnownFileType = sourcecode.c.objc; path = FLAnimatedImage.m; sourceTree = "<group>"; };
		6090415C1FB53C1500E4EBA6 /* FLAnimatedImageView.h */ = {isa = PBXFileReference; fileEncoding = 4; lastKnownFileType = sourcecode.c.h; path = FLAnimatedImageView.h; sourceTree = "<group>"; };
		6090415D1FB53C1500E4EBA6 /* FLAnimatedImageView.m */ = {isa = PBXFileReference; fileEncoding = 4; lastKnownFileType = sourcecode.c.objc; path = FLAnimatedImageView.m; sourceTree = "<group>"; };
		6090415F1FB53C1500E4EBA6 /* XHLaunchAd.h */ = {isa = PBXFileReference; fileEncoding = 4; lastKnownFileType = sourcecode.c.h; path = XHLaunchAd.h; sourceTree = "<group>"; };
		609041601FB53C1500E4EBA6 /* XHLaunchAd.m */ = {isa = PBXFileReference; fileEncoding = 4; lastKnownFileType = sourcecode.c.objc; path = XHLaunchAd.m; sourceTree = "<group>"; };
		609041611FB53C1500E4EBA6 /* XHLaunchAdButton.h */ = {isa = PBXFileReference; fileEncoding = 4; lastKnownFileType = sourcecode.c.h; path = XHLaunchAdButton.h; sourceTree = "<group>"; };
		609041621FB53C1500E4EBA6 /* XHLaunchAdButton.m */ = {isa = PBXFileReference; fileEncoding = 4; lastKnownFileType = sourcecode.c.objc; path = XHLaunchAdButton.m; sourceTree = "<group>"; };
		609041631FB53C1500E4EBA6 /* XHLaunchAdCache.h */ = {isa = PBXFileReference; fileEncoding = 4; lastKnownFileType = sourcecode.c.h; path = XHLaunchAdCache.h; sourceTree = "<group>"; };
		609041641FB53C1500E4EBA6 /* XHLaunchAdCache.m */ = {isa = PBXFileReference; fileEncoding = 4; lastKnownFileType = sourcecode.c.objc; path = XHLaunchAdCache.m; sourceTree = "<group>"; };
		609041651FB53C1500E4EBA6 /* XHLaunchAdConfiguration.h */ = {isa = PBXFileReference; fileEncoding = 4; lastKnownFileType = sourcecode.c.h; path = XHLaunchAdConfiguration.h; sourceTree = "<group>"; };
		609041661FB53C1500E4EBA6 /* XHLaunchAdConfiguration.m */ = {isa = PBXFileReference; fileEncoding = 4; lastKnownFileType = sourcecode.c.objc; path = XHLaunchAdConfiguration.m; sourceTree = "<group>"; };
		609041671FB53C1500E4EBA6 /* XHLaunchAdConst.h */ = {isa = PBXFileReference; fileEncoding = 4; lastKnownFileType = sourcecode.c.h; path = XHLaunchAdConst.h; sourceTree = "<group>"; };
		609041681FB53C1500E4EBA6 /* XHLaunchAdConst.m */ = {isa = PBXFileReference; fileEncoding = 4; lastKnownFileType = sourcecode.c.objc; path = XHLaunchAdConst.m; sourceTree = "<group>"; };
		609041691FB53C1500E4EBA6 /* XHLaunchAdController.h */ = {isa = PBXFileReference; fileEncoding = 4; lastKnownFileType = sourcecode.c.h; path = XHLaunchAdController.h; sourceTree = "<group>"; };
		6090416A1FB53C1500E4EBA6 /* XHLaunchAdController.m */ = {isa = PBXFileReference; fileEncoding = 4; lastKnownFileType = sourcecode.c.objc; path = XHLaunchAdController.m; sourceTree = "<group>"; };
		6090416B1FB53C1500E4EBA6 /* XHLaunchAdDownloader.h */ = {isa = PBXFileReference; fileEncoding = 4; lastKnownFileType = sourcecode.c.h; path = XHLaunchAdDownloader.h; sourceTree = "<group>"; };
		6090416C1FB53C1500E4EBA6 /* XHLaunchAdDownloader.m */ = {isa = PBXFileReference; fileEncoding = 4; lastKnownFileType = sourcecode.c.objc; path = XHLaunchAdDownloader.m; sourceTree = "<group>"; };
		6090416D1FB53C1500E4EBA6 /* XHLaunchAdImageManager.h */ = {isa = PBXFileReference; fileEncoding = 4; lastKnownFileType = sourcecode.c.h; path = XHLaunchAdImageManager.h; sourceTree = "<group>"; };
		6090416E1FB53C1500E4EBA6 /* XHLaunchAdImageManager.m */ = {isa = PBXFileReference; fileEncoding = 4; lastKnownFileType = sourcecode.c.objc; path = XHLaunchAdImageManager.m; sourceTree = "<group>"; };
		6090416F1FB53C1500E4EBA6 /* XHLaunchAdImageView+XHLaunchAdCache.h */ = {isa = PBXFileReference; fileEncoding = 4; lastKnownFileType = sourcecode.c.h; path = "XHLaunchAdImageView+XHLaunchAdCache.h"; sourceTree = "<group>"; };
		609041701FB53C1500E4EBA6 /* XHLaunchAdImageView+XHLaunchAdCache.m */ = {isa = PBXFileReference; fileEncoding = 4; lastKnownFileType = sourcecode.c.objc; path = "XHLaunchAdImageView+XHLaunchAdCache.m"; sourceTree = "<group>"; };
		609041711FB53C1500E4EBA6 /* XHLaunchAdView.h */ = {isa = PBXFileReference; fileEncoding = 4; lastKnownFileType = sourcecode.c.h; path = XHLaunchAdView.h; sourceTree = "<group>"; };
		609041721FB53C1500E4EBA6 /* XHLaunchAdView.m */ = {isa = PBXFileReference; fileEncoding = 4; lastKnownFileType = sourcecode.c.objc; path = XHLaunchAdView.m; sourceTree = "<group>"; };
		609041731FB53C1500E4EBA6 /* XHLaunchImageView.h */ = {isa = PBXFileReference; fileEncoding = 4; lastKnownFileType = sourcecode.c.h; path = XHLaunchImageView.h; sourceTree = "<group>"; };
		609041741FB53C1500E4EBA6 /* XHLaunchImageView.m */ = {isa = PBXFileReference; fileEncoding = 4; lastKnownFileType = sourcecode.c.objc; path = XHLaunchImageView.m; sourceTree = "<group>"; };
/* End PBXFileReference section */

/* Begin PBXFrameworksBuildPhase section */
		4B6CF21E1D0E902800F76B47 /* Frameworks */ = {
			isa = PBXFrameworksBuildPhase;
			buildActionMask = 2147483647;
			files = (
			);
			runOnlyForDeploymentPostprocessing = 0;
		};
/* End PBXFrameworksBuildPhase section */

/* Begin PBXGroup section */
		0C6E81B91EB986C3005F61C1 /* UIViewController+ */ = {
			isa = PBXGroup;
			children = (
				0C6E81BA1EB986C3005F61C1 /* UIViewController+Nav.h */,
				0C6E81BB1EB986C3005F61C1 /* UIViewController+Nav.m */,
			);
			path = "UIViewController+";
			sourceTree = "<group>";
		};
		4B1BBA931DF44C1D00E7839E /* Model */ = {
			isa = PBXGroup;
			children = (
				4B1BBA941DF44C1D00E7839E /* LaunchAdModel.h */,
				4B1BBA951DF44C1D00E7839E /* LaunchAdModel.m */,
			);
			path = Model;
			sourceTree = "<group>";
		};
		4B2784541DF544B300417DB2 /* Tools */ = {
			isa = PBXGroup;
			children = (
				0C6E81B91EB986C3005F61C1 /* UIViewController+ */,
				4B27845C1DF545EA00417DB2 /* Network */,
			);
			path = Tools;
			sourceTree = "<group>";
		};
		4B27845C1DF545EA00417DB2 /* Network */ = {
			isa = PBXGroup;
			children = (
				4B27845D1DF545EA00417DB2 /* Network.h */,
				4B27845E1DF545EA00417DB2 /* Network.m */,
			);
			path = Network;
			sourceTree = "<group>";
		};
		4B63D26B1DF2DDAD00FA2520 /* Source */ = {
			isa = PBXGroup;
			children = (
				4B63D26C1DF2DDAD00FA2520 /* image0.jpg */,
				4B63D26D1DF2DDAD00FA2520 /* image1.jpg */,
				4B63D26E1DF2DDAD00FA2520 /* image11.gif */,
				4B63D26F1DF2DDAD00FA2520 /* image12.gif */,
				4B63D2701DF2DDAD00FA2520 /* image2.jpg */,
				4B63D2711DF2DDAD00FA2520 /* image3.jpg */,
				4B63D2721DF2DDAD00FA2520 /* image4.jpg */,
				4B63D2751DF2DDAD00FA2520 /* LaunchImageAd.json */,
				4B63D2761DF2DDAD00FA2520 /* LaunchVideoAd.json */,
				4B63D2791DF2DDAD00FA2520 /* video0.mp4 */,
				4B63D27A1DF2DDAD00FA2520 /* video1.mp4 */,
			);
			path = Source;
			sourceTree = "<group>";
		};
		4B6CF2181D0E902800F76B47 = {
			isa = PBXGroup;
			children = (
				4B63D26B1DF2DDAD00FA2520 /* Source */,
				4B6CF2351D0E904900F76B47 /* Class */,
				609041571FB53C1500E4EBA6 /* XHLaunchAd */,
				4B6CF2231D0E902800F76B47 /* XHLaunchAdExample */,
				4B6CF2221D0E902800F76B47 /* Products */,
			);
			sourceTree = "<group>";
		};
		4B6CF2221D0E902800F76B47 /* Products */ = {
			isa = PBXGroup;
			children = (
				4B6CF2211D0E902800F76B47 /* XHLaunchAdExample.app */,
			);
			name = Products;
			sourceTree = "<group>";
		};
		4B6CF2231D0E902800F76B47 /* XHLaunchAdExample */ = {
			isa = PBXGroup;
			children = (
				4B6CF2271D0E902800F76B47 /* AppDelegate.h */,
				4B6CF2281D0E902800F76B47 /* AppDelegate.m */,
				0C6E81B21EB9763F005F61C1 /* XHLaunchAdManager.h */,
				0C6E81B31EB9763F005F61C1 /* XHLaunchAdManager.m */,
				4BF7C6981D6EE13000F1E5BE /* LaunchScreen.storyboard */,
				4B6CF22A1D0E902800F76B47 /* Assets.xcassets */,
				4B6CF22F1D0E902800F76B47 /* Info.plist */,
				4B6CF2241D0E902800F76B47 /* Supporting Files */,
			);
			path = XHLaunchAdExample;
			sourceTree = "<group>";
		};
		4B6CF2241D0E902800F76B47 /* Supporting Files */ = {
			isa = PBXGroup;
			children = (
				4B6CF2251D0E902800F76B47 /* main.m */,
			);
			name = "Supporting Files";
			sourceTree = "<group>";
		};
		4B6CF2351D0E904900F76B47 /* Class */ = {
			isa = PBXGroup;
			children = (
				4B2784541DF544B300417DB2 /* Tools */,
				4B1BBA931DF44C1D00E7839E /* Model */,
				4B6CF2361D0E904900F76B47 /* ViewController.h */,
				4B6CF2371D0E904900F76B47 /* ViewController.m */,
				0C4412CF1ED7CC0B0065B6AE /* ViewController.xib */,
				4B5C5C261D8118A700C18148 /* WebViewController.h */,
				4B5C5C271D8118A700C18148 /* WebViewController.m */,
			);
			path = Class;
			sourceTree = "<group>";
		};
		609041571FB53C1500E4EBA6 /* XHLaunchAd */ = {
			isa = PBXGroup;
			children = (
				609041581FB53C1500E4EBA6 /* Lib */,
				6090415E1FB53C1500E4EBA6 /* XHLaunchAd */,
			);
			name = XHLaunchAd;
			path = ../XHLaunchAd;
			sourceTree = "<group>";
		};
		609041581FB53C1500E4EBA6 /* Lib */ = {
			isa = PBXGroup;
			children = (
				609041591FB53C1500E4EBA6 /* FLAnimatedImage */,
			);
			path = Lib;
			sourceTree = "<group>";
		};
		609041591FB53C1500E4EBA6 /* FLAnimatedImage */ = {
			isa = PBXGroup;
			children = (
				6090415A1FB53C1500E4EBA6 /* FLAnimatedImage.h */,
				6090415B1FB53C1500E4EBA6 /* FLAnimatedImage.m */,
				6090415C1FB53C1500E4EBA6 /* FLAnimatedImageView.h */,
				6090415D1FB53C1500E4EBA6 /* FLAnimatedImageView.m */,
			);
			path = FLAnimatedImage;
			sourceTree = "<group>";
		};
		6090415E1FB53C1500E4EBA6 /* XHLaunchAd */ = {
			isa = PBXGroup;
			children = (
				6090415F1FB53C1500E4EBA6 /* XHLaunchAd.h */,
				609041601FB53C1500E4EBA6 /* XHLaunchAd.m */,
				609041611FB53C1500E4EBA6 /* XHLaunchAdButton.h */,
				609041621FB53C1500E4EBA6 /* XHLaunchAdButton.m */,
				609041631FB53C1500E4EBA6 /* XHLaunchAdCache.h */,
				609041641FB53C1500E4EBA6 /* XHLaunchAdCache.m */,
				609041651FB53C1500E4EBA6 /* XHLaunchAdConfiguration.h */,
				609041661FB53C1500E4EBA6 /* XHLaunchAdConfiguration.m */,
				609041671FB53C1500E4EBA6 /* XHLaunchAdConst.h */,
				609041681FB53C1500E4EBA6 /* XHLaunchAdConst.m */,
				609041691FB53C1500E4EBA6 /* XHLaunchAdController.h */,
				6090416A1FB53C1500E4EBA6 /* XHLaunchAdController.m */,
				6090416B1FB53C1500E4EBA6 /* XHLaunchAdDownloader.h */,
				6090416C1FB53C1500E4EBA6 /* XHLaunchAdDownloader.m */,
				6090416D1FB53C1500E4EBA6 /* XHLaunchAdImageManager.h */,
				6090416E1FB53C1500E4EBA6 /* XHLaunchAdImageManager.m */,
				6090416F1FB53C1500E4EBA6 /* XHLaunchAdImageView+XHLaunchAdCache.h */,
				609041701FB53C1500E4EBA6 /* XHLaunchAdImageView+XHLaunchAdCache.m */,
				609041711FB53C1500E4EBA6 /* XHLaunchAdView.h */,
				609041721FB53C1500E4EBA6 /* XHLaunchAdView.m */,
				609041731FB53C1500E4EBA6 /* XHLaunchImageView.h */,
				609041741FB53C1500E4EBA6 /* XHLaunchImageView.m */,
			);
			path = XHLaunchAd;
			sourceTree = "<group>";
		};
/* End PBXGroup section */

/* Begin PBXNativeTarget section */
		4B6CF2201D0E902800F76B47 /* XHLaunchAdExample */ = {
			isa = PBXNativeTarget;
			buildConfigurationList = 4B6CF2321D0E902800F76B47 /* Build configuration list for PBXNativeTarget "XHLaunchAdExample" */;
			buildPhases = (
				4B6CF21D1D0E902800F76B47 /* Sources */,
				4B6CF21E1D0E902800F76B47 /* Frameworks */,
				4B6CF21F1D0E902800F76B47 /* Resources */,
			);
			buildRules = (
			);
			dependencies = (
			);
			name = XHLaunchAdExample;
			productName = XHLaunchAdExample;
			productReference = 4B6CF2211D0E902800F76B47 /* XHLaunchAdExample.app */;
			productType = "com.apple.product-type.application";
		};
/* End PBXNativeTarget section */

/* Begin PBXProject section */
		4B6CF2191D0E902800F76B47 /* Project object */ = {
			isa = PBXProject;
			attributes = {
				LastUpgradeCheck = 0900;
				ORGANIZATIONNAME = CoderZhuXH;
				TargetAttributes = {
					4B6CF2201D0E902800F76B47 = {
						CreatedOnToolsVersion = 7.3.1;
						DevelopmentTeam = 3VC3TP3LE9;
					};
				};
			};
			buildConfigurationList = 4B6CF21C1D0E902800F76B47 /* Build configuration list for PBXProject "XHLaunchAdExample" */;
			compatibilityVersion = "Xcode 3.2";
			developmentRegion = English;
			hasScannedForEncodings = 0;
			knownRegions = (
				en,
				Base,
			);
			mainGroup = 4B6CF2181D0E902800F76B47;
			productRefGroup = 4B6CF2221D0E902800F76B47 /* Products */;
			projectDirPath = "";
			projectRoot = "";
			targets = (
				4B6CF2201D0E902800F76B47 /* XHLaunchAdExample */,
			);
		};
/* End PBXProject section */

/* Begin PBXResourcesBuildPhase section */
		4B6CF21F1D0E902800F76B47 /* Resources */ = {
			isa = PBXResourcesBuildPhase;
			buildActionMask = 2147483647;
			files = (
				0C4412D01ED7CC0B0065B6AE /* ViewController.xib in Resources */,
				4B63D27E1DF2DDAD00FA2520 /* image11.gif in Resources */,
				4B63D2841DF2DDAD00FA2520 /* LaunchImageAd.json in Resources */,
				4B63D2871DF2DDAD00FA2520 /* video0.mp4 in Resources */,
				4B63D2881DF2DDAD00FA2520 /* video1.mp4 in Resources */,
				4B63D2821DF2DDAD00FA2520 /* image4.jpg in Resources */,
				4B63D2811DF2DDAD00FA2520 /* image3.jpg in Resources */,
				4BF7C69A1D6EE13000F1E5BE /* LaunchScreen.storyboard in Resources */,
				4B63D27C1DF2DDAD00FA2520 /* image0.jpg in Resources */,
				4B6CF22B1D0E902800F76B47 /* Assets.xcassets in Resources */,
				4B63D2801DF2DDAD00FA2520 /* image2.jpg in Resources */,
				4B63D2851DF2DDAD00FA2520 /* LaunchVideoAd.json in Resources */,
				4B63D27F1DF2DDAD00FA2520 /* image12.gif in Resources */,
				4B63D27D1DF2DDAD00FA2520 /* image1.jpg in Resources */,
			);
			runOnlyForDeploymentPostprocessing = 0;
		};
/* End PBXResourcesBuildPhase section */

/* Begin PBXSourcesBuildPhase section */
		4B6CF21D1D0E902800F76B47 /* Sources */ = {
			isa = PBXSourcesBuildPhase;
			buildActionMask = 2147483647;
			files = (
				6090417A1FB53C1500E4EBA6 /* XHLaunchAdConfiguration.m in Sources */,
				4B5C5C291D8118A700C18148 /* WebViewController.m in Sources */,
				6090417F1FB53C1500E4EBA6 /* XHLaunchAdImageView+XHLaunchAdCache.m in Sources */,
				609041811FB53C1500E4EBA6 /* XHLaunchImageView.m in Sources */,
				4B6CF23E1D0E904900F76B47 /* ViewController.m in Sources */,
				609041771FB53C1500E4EBA6 /* XHLaunchAd.m in Sources */,
				4B1BBA961DF44C1D00E7839E /* LaunchAdModel.m in Sources */,
				6090417C1FB53C1500E4EBA6 /* XHLaunchAdController.m in Sources */,
				6090417B1FB53C1500E4EBA6 /* XHLaunchAdConst.m in Sources */,
				6090417E1FB53C1500E4EBA6 /* XHLaunchAdImageManager.m in Sources */,
				4B6CF2291D0E902800F76B47 /* AppDelegate.m in Sources */,
				609041801FB53C1500E4EBA6 /* XHLaunchAdView.m in Sources */,
				6090417D1FB53C1500E4EBA6 /* XHLaunchAdDownloader.m in Sources */,
				609041781FB53C1500E4EBA6 /* XHLaunchAdButton.m in Sources */,
				609041791FB53C1500E4EBA6 /* XHLaunchAdCache.m in Sources */,
				4B6CF2261D0E902800F76B47 /* main.m in Sources */,
				0C6E81B41EB9763F005F61C1 /* XHLaunchAdManager.m in Sources */,
				0C6E81BC1EB986C3005F61C1 /* UIViewController+Nav.m in Sources */,
				609041761FB53C1500E4EBA6 /* FLAnimatedImageView.m in Sources */,
				4B27845F1DF545EA00417DB2 /* Network.m in Sources */,
				609041751FB53C1500E4EBA6 /* FLAnimatedImage.m in Sources */,
			);
			runOnlyForDeploymentPostprocessing = 0;
		};
/* End PBXSourcesBuildPhase section */

/* Begin PBXVariantGroup section */
		4BF7C6981D6EE13000F1E5BE /* LaunchScreen.storyboard */ = {
			isa = PBXVariantGroup;
			children = (
				4BF7C6991D6EE13000F1E5BE /* Base */,
			);
			name = LaunchScreen.storyboard;
			sourceTree = "<group>";
		};
/* End PBXVariantGroup section */

/* Begin XCBuildConfiguration section */
		4B6CF2301D0E902800F76B47 /* Debug */ = {
			isa = XCBuildConfiguration;
			buildSettings = {
				ALWAYS_SEARCH_USER_PATHS = NO;
				CLANG_ANALYZER_NONNULL = YES;
				CLANG_CXX_LANGUAGE_STANDARD = "gnu++0x";
				CLANG_CXX_LIBRARY = "libc++";
				CLANG_ENABLE_MODULES = YES;
				CLANG_ENABLE_OBJC_ARC = YES;
				CLANG_WARN_BLOCK_CAPTURE_AUTORELEASING = YES;
				CLANG_WARN_BOOL_CONVERSION = YES;
				CLANG_WARN_COMMA = YES;
				CLANG_WARN_CONSTANT_CONVERSION = YES;
				CLANG_WARN_DIRECT_OBJC_ISA_USAGE = YES_ERROR;
				CLANG_WARN_EMPTY_BODY = YES;
				CLANG_WARN_ENUM_CONVERSION = YES;
				CLANG_WARN_INFINITE_RECURSION = YES;
				CLANG_WARN_INT_CONVERSION = YES;
				CLANG_WARN_NON_LITERAL_NULL_CONVERSION = YES;
				CLANG_WARN_OBJC_LITERAL_CONVERSION = YES;
				CLANG_WARN_OBJC_ROOT_CLASS = YES_ERROR;
				CLANG_WARN_RANGE_LOOP_ANALYSIS = YES;
				CLANG_WARN_STRICT_PROTOTYPES = YES;
				CLANG_WARN_SUSPICIOUS_MOVE = YES;
				CLANG_WARN_UNREACHABLE_CODE = YES;
				CLANG_WARN__DUPLICATE_METHOD_MATCH = YES;
				"CODE_SIGN_IDENTITY[sdk=iphoneos*]" = "iPhone Developer";
				COPY_PHASE_STRIP = NO;
				DEBUG_INFORMATION_FORMAT = dwarf;
				ENABLE_STRICT_OBJC_MSGSEND = YES;
				ENABLE_TESTABILITY = YES;
				GCC_C_LANGUAGE_STANDARD = gnu99;
				GCC_DYNAMIC_NO_PIC = NO;
				GCC_NO_COMMON_BLOCKS = YES;
				GCC_OPTIMIZATION_LEVEL = 0;
				GCC_PREPROCESSOR_DEFINITIONS = (
					"DEBUG=1",
					"$(inherited)",
				);
				GCC_WARN_64_TO_32_BIT_CONVERSION = YES;
				GCC_WARN_ABOUT_RETURN_TYPE = YES_ERROR;
				GCC_WARN_UNDECLARED_SELECTOR = YES;
				GCC_WARN_UNINITIALIZED_AUTOS = YES_AGGRESSIVE;
				GCC_WARN_UNUSED_FUNCTION = YES;
				GCC_WARN_UNUSED_VARIABLE = YES;
				IPHONEOS_DEPLOYMENT_TARGET = 8.0;
				MTL_ENABLE_DEBUG_INFO = YES;
				ONLY_ACTIVE_ARCH = YES;
				SDKROOT = iphoneos;
			};
			name = Debug;
		};
		4B6CF2311D0E902800F76B47 /* Release */ = {
			isa = XCBuildConfiguration;
			buildSettings = {
				ALWAYS_SEARCH_USER_PATHS = NO;
				CLANG_ANALYZER_NONNULL = YES;
				CLANG_CXX_LANGUAGE_STANDARD = "gnu++0x";
				CLANG_CXX_LIBRARY = "libc++";
				CLANG_ENABLE_MODULES = YES;
				CLANG_ENABLE_OBJC_ARC = YES;
				CLANG_WARN_BLOCK_CAPTURE_AUTORELEASING = YES;
				CLANG_WARN_BOOL_CONVERSION = YES;
				CLANG_WARN_COMMA = YES;
				CLANG_WARN_CONSTANT_CONVERSION = YES;
				CLANG_WARN_DIRECT_OBJC_ISA_USAGE = YES_ERROR;
				CLANG_WARN_EMPTY_BODY = YES;
				CLANG_WARN_ENUM_CONVERSION = YES;
				CLANG_WARN_INFINITE_RECURSION = YES;
				CLANG_WARN_INT_CONVERSION = YES;
				CLANG_WARN_NON_LITERAL_NULL_CONVERSION = YES;
				CLANG_WARN_OBJC_LITERAL_CONVERSION = YES;
				CLANG_WARN_OBJC_ROOT_CLASS = YES_ERROR;
				CLANG_WARN_RANGE_LOOP_ANALYSIS = YES;
				CLANG_WARN_STRICT_PROTOTYPES = YES;
				CLANG_WARN_SUSPICIOUS_MOVE = YES;
				CLANG_WARN_UNREACHABLE_CODE = YES;
				CLANG_WARN__DUPLICATE_METHOD_MATCH = YES;
				"CODE_SIGN_IDENTITY[sdk=iphoneos*]" = "iPhone Developer";
				COPY_PHASE_STRIP = NO;
				DEBUG_INFORMATION_FORMAT = "dwarf-with-dsym";
				ENABLE_NS_ASSERTIONS = NO;
				ENABLE_STRICT_OBJC_MSGSEND = YES;
				GCC_C_LANGUAGE_STANDARD = gnu99;
				GCC_NO_COMMON_BLOCKS = YES;
				GCC_WARN_64_TO_32_BIT_CONVERSION = YES;
				GCC_WARN_ABOUT_RETURN_TYPE = YES_ERROR;
				GCC_WARN_UNDECLARED_SELECTOR = YES;
				GCC_WARN_UNINITIALIZED_AUTOS = YES_AGGRESSIVE;
				GCC_WARN_UNUSED_FUNCTION = YES;
				GCC_WARN_UNUSED_VARIABLE = YES;
				IPHONEOS_DEPLOYMENT_TARGET = 8.0;
				MTL_ENABLE_DEBUG_INFO = NO;
				SDKROOT = iphoneos;
				VALIDATE_PRODUCT = YES;
			};
			name = Release;
		};
		4B6CF2331D0E902800F76B47 /* Debug */ = {
			isa = XCBuildConfiguration;
			buildSettings = {
				ASSETCATALOG_COMPILER_APPICON_NAME = AppIcon;
				ASSETCATALOG_COMPILER_LAUNCHIMAGE_NAME = LaunchImage;
				CLANG_ALLOW_NON_MODULAR_INCLUDES_IN_FRAMEWORK_MODULES = NO;
				DEVELOPMENT_TEAM = 3VC3TP3LE9;
				INFOPLIST_FILE = XHLaunchAdExample/Info.plist;
				LD_RUNPATH_SEARCH_PATHS = "$(inherited) @executable_path/Frameworks";
				PRODUCT_BUNDLE_IDENTIFIER = com.it7090.XHLaunchAdExample;
				PRODUCT_NAME = "$(TARGET_NAME)";
				TARGETED_DEVICE_FAMILY = "1,2";
			};
			name = Debug;
		};
		4B6CF2341D0E902800F76B47 /* Release */ = {
			isa = XCBuildConfiguration;
			buildSettings = {
				ASSETCATALOG_COMPILER_APPICON_NAME = AppIcon;
				ASSETCATALOG_COMPILER_LAUNCHIMAGE_NAME = LaunchImage;
				CLANG_ALLOW_NON_MODULAR_INCLUDES_IN_FRAMEWORK_MODULES = NO;
				DEVELOPMENT_TEAM = 3VC3TP3LE9;
				INFOPLIST_FILE = XHLaunchAdExample/Info.plist;
				LD_RUNPATH_SEARCH_PATHS = "$(inherited) @executable_path/Frameworks";
				PRODUCT_BUNDLE_IDENTIFIER = com.it7090.XHLaunchAdExample;
				PRODUCT_NAME = "$(TARGET_NAME)";
				TARGETED_DEVICE_FAMILY = "1,2";
			};
			name = Release;
		};
/* End XCBuildConfiguration section */

/* Begin XCConfigurationList section */
		4B6CF21C1D0E902800F76B47 /* Build configuration list for PBXProject "XHLaunchAdExample" */ = {
			isa = XCConfigurationList;
			buildConfigurations = (
				4B6CF2301D0E902800F76B47 /* Debug */,
				4B6CF2311D0E902800F76B47 /* Release */,
			);
			defaultConfigurationIsVisible = 0;
			defaultConfigurationName = Release;
		};
		4B6CF2321D0E902800F76B47 /* Build configuration list for PBXNativeTarget "XHLaunchAdExample" */ = {
			isa = XCConfigurationList;
			buildConfigurations = (
				4B6CF2331D0E902800F76B47 /* Debug */,
				4B6CF2341D0E902800F76B47 /* Release */,
			);
			defaultConfigurationIsVisible = 0;
			defaultConfigurationName = Release;
		};
/* End XCConfigurationList section */
	};
	rootObject = 4B6CF2191D0E902800F76B47 /* Project object */;
}
